# This file is autogenerated, do not edit; changes may be undone by the next 'dep ensure'.


[[projects]]
  digest = "1:a2682518d905d662d984ef9959984ef87cecb777d379bfa9d9fe40e78069b3e4"
  name = "github.com/PuerkitoBio/purell"
  packages = ["."]
  pruneopts = "UT"
  revision = "44968752391892e1b0d0b821ee79e9a85fa13049"
  version = "v1.1.1"

[[projects]]
  branch = "master"
  digest = "1:c739832d67eb1e9cc478a19cc1a1ccd78df0397bf8a32978b759152e205f644b"
  name = "github.com/PuerkitoBio/urlesc"
  packages = ["."]
  pruneopts = "UT"
  revision = "de5bf2ad457846296e2031421a34e2568e304e35"

[[projects]]
  digest = "1:320e7ead93de9fd2b0e59b50fd92a4d50c1f8ab455d96bc2eb083267453a9709"
  name = "github.com/asaskevich/govalidator"
  packages = ["."]
  pruneopts = "UT"
  revision = "ccb8e960c48f04d6935e72476ae4a51028f9e22f"
  version = "v9"

[[projects]]
  digest = "1:c8bc6cc8a13405a9ebfdc76a4279d52ff3e13dd4f73766b7a1ff6b45aa609fc3"
  name = "github.com/aws/aws-lambda-go"
  packages = [
    "events",
    "lambda",
    "lambda/handlertrace",
    "lambda/messages",
    "lambdacontext",
  ]
  pruneopts = "UT"
  revision = "b5b7267d297de263cc5b61f8c37543daa9c95ffd"
  version = "v1.13.3"

[[projects]]
  digest = "1:f7c17ed665aeabb7ead5372462d321cd153ff885c7cc961e9f9fd1d5209799f4"
  name = "github.com/aws/aws-sdk-go"
  packages = [
    "aws",
    "aws/arn",
    "aws/awserr",
    "aws/awsutil",
    "aws/client",
    "aws/client/metadata",
    "aws/corehandlers",
    "aws/credentials",
    "aws/credentials/ec2rolecreds",
    "aws/credentials/endpointcreds",
    "aws/credentials/processcreds",
    "aws/credentials/stscreds",
    "aws/crr",
    "aws/csm",
    "aws/defaults",
    "aws/ec2metadata",
    "aws/endpoints",
    "aws/request",
    "aws/session",
    "aws/signer/v4",
    "internal/ini",
    "internal/s3err",
    "internal/sdkio",
    "internal/sdkmath",
    "internal/sdkrand",
    "internal/sdkuri",
    "internal/shareddefaults",
    "private/protocol",
    "private/protocol/eventstream",
    "private/protocol/eventstream/eventstreamapi",
    "private/protocol/json/jsonutil",
    "private/protocol/jsonrpc",
    "private/protocol/query",
    "private/protocol/query/queryutil",
    "private/protocol/rest",
    "private/protocol/restxml",
    "private/protocol/xml/xmlutil",
    "service/cloudwatch",
    "service/dynamodb",
    "service/dynamodb/dynamodbattribute",
    "service/dynamodb/expression",
    "service/s3",
    "service/s3/internal/arn",
    "service/s3/s3iface",
    "service/s3/s3manager",
    "service/ses",
    "service/ssm",
    "service/sts",
    "service/sts/stsiface",
  ]
  pruneopts = "UT"
  revision = "65f671578f7e006706e6e28804a8b016cb4fbefb"
  version = "v1.26.0"

[[projects]]
  digest = "1:a93c813efa8ad3e9b7c70b9a4af83c976a6559cfd9ee9eb0146309a0297707ca"
  name = "github.com/awslabs/aws-lambda-go-api-proxy"
  packages = [
    "core",
    "httpadapter",
  ]
  pruneopts = "UT"
  revision = "8214f34905cc0228a70c060f3af3365972a3ce0c"
  version = "v0.5.0"

[[projects]]
  digest = "1:4333e9d9cc731d01e67e19c33da46e95860b95f8b8032bc586d69b169e1b0c1b"
  name = "github.com/aymerick/raymond"
  packages = [
    ".",
    "ast",
    "lexer",
    "parser",
  ]
  pruneopts = "UT"
  revision = "2eebd0f5dd9564c0c6e439df11d8a3c7b9b9ab11"
  version = "v2.0.2"

[[projects]]
  digest = "1:ffe9824d294da03b391f44e1ae8281281b4afc1bdaa9588c9097785e3af10cec"
  name = "github.com/davecgh/go-spew"
  packages = ["spew"]
  pruneopts = "UT"
  revision = "8991bc29aa16c548c550c7ff78260e27b9ab7c73"
  version = "v1.1.1"

[[projects]]
  digest = "1:76dc72490af7174349349838f2fe118996381b31ea83243812a97e5a0fd5ed55"
  name = "github.com/dgrijalva/jwt-go"
  packages = ["."]
  pruneopts = "UT"
  revision = "06ea1031745cb8b3dab3f6a236daf2b0aa468b7e"
  version = "v3.2.0"

[[projects]]
  digest = "1:e95ef557dc3120984bb66b385ae01b4bb8ff56bcde28e7b0d1beed0cccc4d69f"
  name = "github.com/docker/go-units"
  packages = ["."]
  pruneopts = "UT"
  revision = "519db1ee28dcc9fd2474ae59fca29a810482bfb1"
  version = "v0.4.0"

[[projects]]
  digest = "1:abeb38ade3f32a92943e5be54f55ed6d6e3b6602761d74b4aab4c9dd45c18abd"
  name = "github.com/fsnotify/fsnotify"
  packages = ["."]
  pruneopts = "UT"
  revision = "c2828203cd70a50dcccfb2761f8b1f8ceef9a8e9"
  version = "v1.4.7"

[[projects]]
  digest = "1:59e98a91b61e51b9457ee4e13a128f207bd66871cc84bef92a779a7d82711e93"
  name = "github.com/go-openapi/analysis"
  packages = [
    ".",
    "internal",
  ]
  pruneopts = "UT"
  revision = "01a3bdad024cd0b80f267b070347538b6edb1c77"
  version = "v0.19.7"

[[projects]]
  digest = "1:dd9d7a334e7d246a8501ac0cf5d408024c91ff8b8308930cd98916629970da97"
  name = "github.com/go-openapi/errors"
  packages = ["."]
  pruneopts = "UT"
  revision = "9b273e805998abc751853b4e1574d66e5df888b4"
  version = "v0.19.3"

[[projects]]
  digest = "1:ed15647db08b6d63666bf9755d337725960c302bbfa5e23754b4b915a4797e42"
  name = "github.com/go-openapi/jsonpointer"
  packages = ["."]
  pruneopts = "UT"
  revision = "ed123515f087412cd7ef02e49b0b0a5e6a79a360"
  version = "v0.19.3"

[[projects]]
  digest = "1:451fe53c19443c6941be5d4295edc973a3eb16baccb940efee94284024be03b0"
  name = "github.com/go-openapi/jsonreference"
  packages = ["."]
  pruneopts = "UT"
  revision = "82f31475a8f7a12bc26962f6e26ceade8ea6f66a"
  version = "v0.19.3"

[[projects]]
  digest = "1:9dbde8fb0423931f1c23610428cbdd351a0cd066891b4d43c620e0669ca2c3a9"
  name = "github.com/go-openapi/loads"
  packages = ["."]
  pruneopts = "UT"
  revision = "bda4742c39071f7804171d847fb6e9bca84f9f57"
  version = "v0.19.4"

[[projects]]
  digest = "1:8042fc9d1a58769d2c410e9bf630950cd7be88bb28130a968bf09ea3719ebc38"
  name = "github.com/go-openapi/runtime"
  packages = [
    ".",
    "flagext",
    "logger",
    "middleware",
    "middleware/denco",
    "middleware/header",
    "middleware/untyped",
    "security",
  ]
  pruneopts = "UT"
  revision = "cc90213cf1bd091201a1f7ee230feeb7662c4a48"
  version = "v0.19.9"

[[projects]]
  digest = "1:a60f47e736cc96075451c3c3502274d86ec6d96588c03d1ab56142ccbb8a5364"
  name = "github.com/go-openapi/spec"
  packages = ["."]
  pruneopts = "UT"
  revision = "772572fd19ebcc983369e53bfaed4bde2077fe0c"
  version = "v0.19.5"

[[projects]]
  digest = "1:97d14436dd6f314edfd1cff0caae50342c5435718f0adfd7490db353342bfca4"
  name = "github.com/go-openapi/strfmt"
  packages = ["."]
  pruneopts = "UT"
  revision = "1940fb2f8aba2045ae5493bd64b76ad4af8b5856"
  version = "v0.19.4"

[[projects]]
  digest = "1:d79ccf65d7721efa48200dc7fc827f8fb29e1fba4db4d55be675fdec84e7cfe1"
  name = "github.com/go-openapi/swag"
  packages = ["."]
  pruneopts = "UT"
  revision = "8a84ec635f1b280a7062edeab609f0667a053248"
  version = "v0.19.6"

[[projects]]
  digest = "1:313e98ecd90b82d00c6b480c7458602f2c669b93c396772680fd3a9bb9ad13c0"
  name = "github.com/go-openapi/validate"
  packages = ["."]
  pruneopts = "UT"
  revision = "08232b6614a50c4f62d1efa77e966421d327d3d3"
  version = "v0.19.5"

[[projects]]
  digest = "1:586ea76dbd0374d6fb649a91d70d652b7fe0ccffb8910a77468e7702e7901f3d"
  name = "github.com/go-stack/stack"
  packages = ["."]
  pruneopts = "UT"
  revision = "2fee6af1a9795aafbe0253a0cfbdf668e1fb8a9a"
  version = "v1.8.0"

[[projects]]
  digest = "1:bed9d72d596f94e65fff37f4d6c01398074a6bb1c3f3ceff963516bd01db6ff5"
  name = "github.com/gofrs/uuid"
  packages = ["."]
  pruneopts = "UT"
  revision = "6b08a5c5172ba18946672b49749cde22873dd7c2"
  version = "v3.2.0"

[[projects]]
  digest = "1:573ca21d3669500ff845bdebee890eb7fc7f0f50c59f2132f2a0c6b03d85086a"
  name = "github.com/golang/protobuf"
  packages = ["proto"]
  pruneopts = "UT"
  revision = "6c65a5562fc06764971b7c5d05c76c75e84bdbf7"
  version = "v1.3.2"

[[projects]]
  digest = "1:91099c6f78b1e7bdf9ed06eb4cb7f017174293a3689d76b995a06f4c8d64a7f0"
  name = "github.com/google/go-github"
  packages = ["github"]
  pruneopts = "UT"
  revision = "9686ff0746200cf521ce225525b421e13b4eac1a"
  version = "v28.1.1"

[[projects]]
  digest = "1:a63cff6b5d8b95638bfe300385d93b2a6d9d687734b863da8e09dc834510a690"
  name = "github.com/google/go-querystring"
  packages = ["query"]
  pruneopts = "UT"
  revision = "44c6ddd0a2342c386950e880b658017258da92fc"
  version = "v1.0.0"

[[projects]]
  digest = "1:582b704bebaa06b48c29b0cec224a6058a09c86883aaddabde889cd1a5f73e1b"
  name = "github.com/google/uuid"
  packages = ["."]
  pruneopts = "UT"
  revision = "0cd6bf5da1e1c83f8b45653022c74f71af0538a4"
  version = "v1.1.1"

[[projects]]
  digest = "1:e72d1ebb8d395cf9f346fd9cbc652e5ae222dd85e0ac842dc57f175abed6d195"
  name = "github.com/gorilla/securecookie"
  packages = ["."]
  pruneopts = "UT"
  revision = "e59506cc896acb7f7bf732d4fdf5e25f7ccd8983"
  version = "v1.1.1"

[[projects]]
  digest = "1:172c862eabc72e90f461bcef223c49869628bec6d989386dfb03281ae3222148"
  name = "github.com/gorilla/sessions"
  packages = ["."]
  pruneopts = "UT"
  revision = "4355a998706e83fe1d71c31b07af94e34f68d74a"
  version = "v1.2.0"

[[projects]]
  digest = "1:c0d19ab64b32ce9fe5cf4ddceba78d5bc9807f0016db6b1183599da3dcc24d10"
  name = "github.com/hashicorp/hcl"
  packages = [
    ".",
    "hcl/ast",
    "hcl/parser",
    "hcl/printer",
    "hcl/scanner",
    "hcl/strconv",
    "hcl/token",
    "json/parser",
    "json/scanner",
    "json/token",
  ]
  pruneopts = "UT"
  revision = "8cb6e5b959231cc1119e43259c4a608f9c51a241"
  version = "v1.0.0"

[[projects]]
  digest = "1:870d441fe217b8e689d7949fef6e43efbc787e50f200cb1e70dbca9204a1d6be"
  name = "github.com/inconshreveable/mousetrap"
  packages = ["."]
  pruneopts = "UT"
  revision = "76626ae9c91c4f2a10f34cad8ce83ea42c93bb75"
  version = "v1.0"

[[projects]]
  digest = "1:a2cff208d4759f6ba1b1cd228587b0a1869f95f22542ec9cd17fff64430113c7"
  name = "github.com/jessevdk/go-flags"
  packages = ["."]
  pruneopts = "UT"
  revision = "c6ca198ec95c841fdb89fc0de7496fed11ab854e"
  version = "v1.4.0"

[[projects]]
  digest = "1:bb81097a5b62634f3e9fec1014657855610c82d19b9a40c17612e32651e35dca"
  name = "github.com/jmespath/go-jmespath"
  packages = ["."]
  pruneopts = "UT"
  revision = "c2b33e84"

[[projects]]
  digest = "1:6c41d4f998a03b6604227ccad36edaed6126c397e5d78709ef4814a1145a6757"
  name = "github.com/jmoiron/sqlx"
  packages = [
    ".",
    "reflectx",
  ]
  pruneopts = "UT"
  revision = "d161d7a76b5661016ad0b085869f77fd410f3e6a"
  version = "v1.2.0"

[[projects]]
  digest = "1:31e761d97c76151dde79e9d28964a812c46efc5baee4085b86f68f0c654450de"
  name = "github.com/konsorten/go-windows-terminal-sequences"
  packages = ["."]
  pruneopts = "UT"
  revision = "f55edac94c9bbba5d6182a4be46d86a2c9b5b50e"
  version = "v1.0.2"

[[projects]]
  digest = "1:9bc108827ac1d8783dea294f1ef07732fa4ca7d6e20518c04888a85828eba4ce"
  name = "github.com/labstack/gommon"
  packages = [
    "color",
    "log",
  ]
  pruneopts = "UT"
  revision = "4919956f6fb227b548f004da27c7c6b20fba499f"
  version = "v0.3.0"

[[projects]]
  branch = "master"
  digest = "1:f91a2273ddc23c72aa048d02d6612f516550d6b59454aa016b5f993447b93c58"
  name = "github.com/lytics/logrus"
  packages = ["."]
  pruneopts = "UT"
  revision = "4389a17ed024d8d196b5541116151f378705b0cc"

[[projects]]
  digest = "1:5a0ef768465592efca0412f7e838cdc0826712f8447e70e6ccc52eb441e9ab13"
  name = "github.com/magiconair/properties"
  packages = ["."]
  pruneopts = "UT"
  revision = "de8848e004dd33dc07a2947b3d76f618a7fc7ef1"
  version = "v1.8.1"

[[projects]]
  digest = "1:927762c6729b4e72957ba3310e485ed09cf8451c5a637a52fd016a9fe09e7936"
  name = "github.com/mailru/easyjson"
  packages = [
    "buffer",
    "jlexer",
    "jwriter",
  ]
  pruneopts = "UT"
  revision = "1b2b06f5f209fea48ff5922d8bfb2b9ed5d8f00b"
  version = "v0.7.0"

[[projects]]
  digest = "1:4a29eeb25603debe8f2098a9902c4d3851034cf70d33be428826e86e8c30a1b0"
  name = "github.com/mattn/go-colorable"
  packages = ["."]
  pruneopts = "UT"
  revision = "98ec13f34aabf44cc914c65a1cfb7b9bc815aef1"
  version = "v0.1.4"

[[projects]]
  digest = "1:29895093e370d9da5fd1c9ab12a5855ccb568f28766e0c3ff159c4b0f09aa127"
  name = "github.com/mattn/go-isatty"
  packages = ["."]
  pruneopts = "UT"
  revision = "31745d66dd679ac0ac4f8d3ecff168fce6170c6a"
  version = "v0.0.11"

[[projects]]
  digest = "1:53bc4cd4914cd7cd52139990d5170d6dc99067ae31c56530621b18b35fc30318"
  name = "github.com/mitchellh/mapstructure"
  packages = ["."]
  pruneopts = "UT"
  revision = "3536a929edddb9a5b34bd6861dc4a9647cb459fe"
  version = "v1.1.2"

[[projects]]
  digest = "1:6eea828983c70075ca297bb915ffbcfd3e34c5a50affd94428a65df955c0ff9c"
  name = "github.com/pelletier/go-toml"
  packages = ["."]
  pruneopts = "UT"
  revision = "903d9455db9ff1d7ac1ab199062eca7266dd11a3"
  version = "v1.6.0"

[[projects]]
  digest = "1:0028cb19b2e4c3112225cd871870f2d9cf49b9b4276531f03438a88e94be86fe"
  name = "github.com/pmezard/go-difflib"
  packages = ["difflib"]
  pruneopts = "UT"
  revision = "792786c7400a136282c1664665ae0a8db921c6c2"
  version = "v1.0.0"

[[projects]]
  digest = "1:c5dfe46811af7e2eff7c11fc84b6c841520338613c056f659f262d5a4fb42fa8"
  name = "github.com/rs/cors"
  packages = ["."]
  pruneopts = "UT"
  revision = "db0fe48135e83b5812a5a31be0eea66984b1b521"
  version = "v1.7.0"

[[projects]]
  branch = "master"
  digest = "1:abddc141d57793195f9e1138a2381606b5801545b06c08e89e747eeb64819c35"
  name = "github.com/savaki/dynastore"
  packages = ["."]
  pruneopts = "UT"
  revision = "28d8558bb4299123129ed35c2cb4ca02c0151679"

[[projects]]
  digest = "1:04457f9f6f3ffc5fea48e71d62f2ca256637dee0a04d710288e27e05c8b41976"
  name = "github.com/sirupsen/logrus"
  packages = ["."]
  pruneopts = "UT"
  revision = "839c75faf7f98a33d445d181f3018b5c3409a45e"
  version = "v1.4.2"

[[projects]]
  digest = "1:bb495ec276ab82d3dd08504bbc0594a65de8c3b22c6f2aaa92d05b73fbf3a82e"
  name = "github.com/spf13/afero"
  packages = [
    ".",
    "mem",
  ]
  pruneopts = "UT"
  revision = "588a75ec4f32903aa5e39a2619ba6a4631e28424"
  version = "v1.2.2"

[[projects]]
  digest = "1:08d65904057412fc0270fc4812a1c90c594186819243160dc779a402d4b6d0bc"
  name = "github.com/spf13/cast"
  packages = ["."]
  pruneopts = "UT"
  revision = "8c9545af88b134710ab1cd196795e7f2388358d7"
  version = "v1.3.0"

[[projects]]
  digest = "1:e096613fb7cf34743d49af87d197663cfccd61876e2219853005a57baedfa562"
  name = "github.com/spf13/cobra"
  packages = ["."]
  pruneopts = "UT"
  revision = "f2b07da1e2c38d5f12845a4f607e2e1018cbb1f5"
  version = "v0.0.5"

[[projects]]
  digest = "1:1b753ec16506f5864d26a28b43703c58831255059644351bbcb019b843950900"
  name = "github.com/spf13/jwalterweatherman"
  packages = ["."]
  pruneopts = "UT"
  revision = "94f6ae3ed3bceceafa716478c5fbf8d29ca601a1"
  version = "v1.1.0"

[[projects]]
  digest = "1:524b71991fc7d9246cc7dc2d9e0886ccb97648091c63e30eef619e6862c955dd"
  name = "github.com/spf13/pflag"
  packages = ["."]
  pruneopts = "UT"
  revision = "2e9d26c8c37aae03e3f9d4e90b7116f5accb7cab"
  version = "v1.0.5"

[[projects]]
  digest = "1:8d0b79a29be9946ea00b2f2b778ec5b36db07453d97abe9d754b25bc2cc49a0e"
  name = "github.com/spf13/viper"
  packages = ["."]
  pruneopts = "UT"
  revision = "eabbc68a3ecd5cf8c11a2f84dbda5e7a38493b2f"
  version = "v1.6.1"

[[projects]]
  digest = "1:8548c309c65a85933a625be5e7d52b6ac927ca30c56869fae58123b8a77a75e1"
  name = "github.com/stretchr/testify"
  packages = ["assert"]
  pruneopts = "UT"
  revision = "221dbe5ed46703ee255b1da0dec05086f5035f62"
  version = "v1.4.0"

[[projects]]
  digest = "1:f4b32291cad5efac2bfdba89ccde6aa04618b62ce06c1a571da2dc4f3f2677fb"
  name = "github.com/subosito/gotenv"
  packages = ["."]
  pruneopts = "UT"
  revision = "2ef7124db659d49edac6aa459693a15ae36c671a"
  version = "v1.2.0"

[[projects]]
  digest = "1:c468422f334a6b46a19448ad59aaffdfc0a36b08fdcc1c749a0b29b6453d7e59"
  name = "github.com/valyala/bytebufferpool"
  packages = ["."]
  pruneopts = "UT"
  revision = "e746df99fe4a3986f4d4f79e13c1e0117ce9c2f7"
  version = "v1.0.0"

[[projects]]
  digest = "1:d2b6739022f7bc284b94fc553ddd2ff790de7b0fc0b37206e8bff80481a1d7aa"
  name = "github.com/valyala/fasttemplate"
  packages = ["."]
  pruneopts = "UT"
  revision = "8fcc7a99b5795b7c3e95172237cf93282fc339a9"
  version = "v1.1.0"

[[projects]]
  digest = "1:c16208844229891e89d2055dd85a08053928c8e50857ff0c9e7479adcf5c592c"
  name = "go.mongodb.org/mongo-driver"
  packages = [
    "bson",
    "bson/bsoncodec",
    "bson/bsonoptions",
    "bson/bsonrw",
    "bson/bsontype",
    "bson/primitive",
    "x/bsonx/bsoncore",
  ]
  pruneopts = "UT"
  revision = "b414b897457665f12997cefd10ad934ccb9dfb3e"
  version = "v1.2.0"

[[projects]]
  branch = "master"
  digest = "1:6ce3fb507bdd13ef92dc9946fee589eefda7c647e8321d503b076e68828f8091"
  name = "golang.org/x/crypto"
  packages = [
    "cast5",
    "openpgp",
    "openpgp/armor",
    "openpgp/elgamal",
    "openpgp/errors",
    "openpgp/packet",
    "openpgp/s2k",
  ]
  pruneopts = "UT"
  revision = "e9b2fee46413994441b28dfca259d911d963dfed"

[[projects]]
  branch = "master"
  digest = "1:c5398d5741f029f7014aa8c9a01752426fef463a5672724017565f18e7fb1625"
  name = "golang.org/x/net"
  packages = [
    "context",
    "context/ctxhttp",
    "idna",
    "netutil",
  ]
  pruneopts = "UT"
  revision = "c0dbc17a35534bf2e581d7a942408dc936316da4"

[[projects]]
  branch = "master"
  digest = "1:33f94e2ac01f31fa9b197b181b513c0785b661737009380398728124289b20fb"
  name = "golang.org/x/oauth2"
  packages = [
    ".",
    "github",
    "internal",
  ]
  pruneopts = "UT"
  revision = "858c2ad4c8b6c5d10852cb89079f6ca1c7309787"

[[projects]]
  branch = "master"
  digest = "1:634414cd43ed62a728aaf9b3e61fde85f012880f9b32b7d00678b6fd887ff9c1"
  name = "golang.org/x/sys"
  packages = ["unix"]
  pruneopts = "UT"
  revision = "ac6580df4449443a05718fd7858c1f91ad5f8d20"

[[projects]]
  digest = "1:66a2f252a58b4fbbad0e4e180e1d85a83c222b6bce09c3dcdef3dc87c72eda7c"
  name = "golang.org/x/text"
  packages = [
    "collate",
    "collate/build",
    "internal/colltab",
    "internal/gen",
    "internal/language",
    "internal/language/compact",
    "internal/tag",
    "internal/triegen",
    "internal/ucd",
    "language",
    "secure/bidirule",
    "transform",
    "unicode/bidi",
    "unicode/cldr",
    "unicode/norm",
    "unicode/rangetable",
    "width",
  ]
  pruneopts = "UT"
  revision = "342b2e1fbaa52c93f31447ad2c6abc048c63e475"
  version = "v0.3.2"

[[projects]]
  digest = "1:e0a1881f9e0564bebdeac98c75e59f07acdde6ed3a5396e0e613eaad31194866"
  name = "google.golang.org/appengine"
  packages = [
    "internal",
    "internal/base",
    "internal/datastore",
    "internal/log",
    "internal/remote_api",
    "internal/urlfetch",
    "urlfetch",
  ]
  pruneopts = "UT"
  revision = "971852bfffca25b069c31162ae8f247a3dba083b"
  version = "v1.6.5"

[[projects]]
  digest = "1:591460fbfc463bda7071ac906bed19cbf64cffd5fcb80a6d1490e87b9dfad942"
  name = "gopkg.in/ini.v1"
  packages = ["."]
  pruneopts = "UT"
  revision = "87e589f4917038ae250cff2446db7573f47e97ca"
  version = "v1.51.0"

[[projects]]
  digest = "1:b75b3deb2bce8bc079e16bb2aecfe01eb80098f5650f9e93e5643ca8b7b73737"
  name = "gopkg.in/yaml.v2"
  packages = ["."]
  pruneopts = "UT"
  revision = "1f64d6156d11335c3f22d9330b0ad14fc1e789ce"
  version = "v2.2.7"

[solve-meta]
  analyzer-name = "dep"
  analyzer-version = 1
  input-imports = [
    "github.com/aws/aws-lambda-go/lambda",
    "github.com/aws/aws-sdk-go/aws",
    "github.com/aws/aws-sdk-go/aws/awserr",
    "github.com/aws/aws-sdk-go/aws/session",
    "github.com/aws/aws-sdk-go/service/cloudwatch",
    "github.com/aws/aws-sdk-go/service/dynamodb",
    "github.com/aws/aws-sdk-go/service/dynamodb/dynamodbattribute",
    "github.com/aws/aws-sdk-go/service/dynamodb/expression",
    "github.com/aws/aws-sdk-go/service/s3/s3manager",
    "github.com/aws/aws-sdk-go/service/ses",
    "github.com/aws/aws-sdk-go/service/ssm",
    "github.com/awslabs/aws-lambda-go-api-proxy/httpadapter",
    "github.com/aymerick/raymond",
    "github.com/dgrijalva/jwt-go",
    "github.com/go-openapi/errors",
    "github.com/go-openapi/loads",
    "github.com/go-openapi/runtime",
    "github.com/go-openapi/runtime/flagext",
    "github.com/go-openapi/runtime/middleware",
    "github.com/go-openapi/runtime/security",
    "github.com/go-openapi/spec",
    "github.com/go-openapi/strfmt",
    "github.com/go-openapi/swag",
    "github.com/go-openapi/validate",
    "github.com/gofrs/uuid",
    "github.com/google/go-github/github",
    "github.com/google/uuid",
    "github.com/jessevdk/go-flags",
    "github.com/jmoiron/sqlx",
    "github.com/labstack/gommon/log",
    "github.com/lytics/logrus",
    "github.com/rs/cors",
    "github.com/savaki/dynastore",
    "github.com/sirupsen/logrus",
    "github.com/spf13/cobra",
    "github.com/spf13/viper",
    "github.com/stretchr/testify/assert",
    "golang.org/x/net/netutil",
    "golang.org/x/oauth2",
    "golang.org/x/oauth2/github",
  ]
  solver-name = "gps-cdcl"
  solver-version = 1
